{"cliVersion":"0.20.0","productModuleName":"App","sourceFilePaths":[{"path":"\/Users\/prpl0wl\/Documents\/SwiftSurfing\/SwiftSurfingServer\/SwiftSurfingServer\/Sources\/App\/Controllers\/ConversationController.swift","hash":"7b3824c8debec0b8be21219ed9ad99320012154a"},{"path":"\/Users\/prpl0wl\/Documents\/SwiftSurfing\/SwiftSurfingServer\/SwiftSurfingServer\/Sources\/App\/Controllers\/CouchController.swift","hash":"e1c2facbe34466b90845b1a06025ba7e6277b6d5"},{"path":"\/Users\/prpl0wl\/Documents\/SwiftSurfing\/SwiftSurfingServer\/SwiftSurfingServer\/Sources\/App\/Controllers\/HomeController.swift","hash":"b8d08f292219dd28f53a3edb50fe06731be783c1"},{"path":"\/Users\/prpl0wl\/Documents\/SwiftSurfing\/SwiftSurfingServer\/SwiftSurfingServer\/Sources\/App\/Controllers\/MessageController.swift","hash":"b53c6292babee9c6869d6d273e5c3d7175d57c11"},{"path":"\/Users\/prpl0wl\/Documents\/SwiftSurfing\/SwiftSurfingServer\/SwiftSurfingServer\/Sources\/App\/Controllers\/RatingController.swift","hash":"c002c514931f9e0b181687b0acbcef89f9c8d119"},{"path":"\/Users\/prpl0wl\/Documents\/SwiftSurfing\/SwiftSurfingServer\/SwiftSurfingServer\/Sources\/App\/Controllers\/TodoController.swift","hash":"cb32d1e7b14b77c5259cbbcc32524ddaebe74b5f"},{"path":"\/Users\/prpl0wl\/Documents\/SwiftSurfing\/SwiftSurfingServer\/SwiftSurfingServer\/Sources\/App\/Controllers\/UserController.swift","hash":"f53e9603ac638a1c555a0e9e4bac90274cbb20c0"},{"path":"\/Users\/prpl0wl\/Documents\/SwiftSurfing\/SwiftSurfingServer\/SwiftSurfingServer\/Sources\/App\/Migrations\/ConversationMigration.swift","hash":"fb757795244bea895130dac2914c8106e931186a"},{"path":"\/Users\/prpl0wl\/Documents\/SwiftSurfing\/SwiftSurfingServer\/SwiftSurfingServer\/Sources\/App\/Migrations\/CouchMigration.swift","hash":"5efc7c0f3f97b6f5e94677a6cc5046719e170fe4"},{"path":"\/Users\/prpl0wl\/Documents\/SwiftSurfing\/SwiftSurfingServer\/SwiftSurfingServer\/Sources\/App\/Migrations\/CreateTodo.swift","hash":"993f1fd988109c528d4e6d29e085e4cd4929a6e0"},{"path":"\/Users\/prpl0wl\/Documents\/SwiftSurfing\/SwiftSurfingServer\/SwiftSurfingServer\/Sources\/App\/Migrations\/MessageMigration.swift","hash":"5717fc6e8559c3b19f9318914a0e2b234900f2a4"},{"path":"\/Users\/prpl0wl\/Documents\/SwiftSurfing\/SwiftSurfingServer\/SwiftSurfingServer\/Sources\/App\/Migrations\/RatingMigration.swift","hash":"2e58637d4e8bacc3ecc79c4b61d28d89af0e6776"},{"path":"\/Users\/prpl0wl\/Documents\/SwiftSurfing\/SwiftSurfingServer\/SwiftSurfingServer\/Sources\/App\/Migrations\/UserConversationPivotMigration.swift","hash":"88017e01bcb7f7d2293e332763aaba2b5429d458"},{"path":"\/Users\/prpl0wl\/Documents\/SwiftSurfing\/SwiftSurfingServer\/SwiftSurfingServer\/Sources\/App\/Migrations\/UserMigration.swift","hash":"ec63b94f483014bf7de9a20dfd54dbb264152b7b"},{"path":"\/Users\/prpl0wl\/Documents\/SwiftSurfing\/SwiftSurfingServer\/SwiftSurfingServer\/Sources\/App\/Models\/Conversation.swift","hash":"2bc1037e718e1e466e3e9edfaeb324966c025afd"},{"path":"\/Users\/prpl0wl\/Documents\/SwiftSurfing\/SwiftSurfingServer\/SwiftSurfingServer\/Sources\/App\/Models\/Couch.swift","hash":"159f5d3ca9cb22371248454cc66ebcd9c27fad6c"},{"path":"\/Users\/prpl0wl\/Documents\/SwiftSurfing\/SwiftSurfingServer\/SwiftSurfingServer\/Sources\/App\/Models\/Home\/Item.swift","hash":"7de4848999375a9161b1d12ec1583aba82b7e851"},{"path":"\/Users\/prpl0wl\/Documents\/SwiftSurfing\/SwiftSurfingServer\/SwiftSurfingServer\/Sources\/App\/Models\/Home\/StatusInfo.swift","hash":"28455c2cc24910ff7e0bccb298fea1865e1b3bd3"},{"path":"\/Users\/prpl0wl\/Documents\/SwiftSurfing\/SwiftSurfingServer\/SwiftSurfingServer\/Sources\/App\/Models\/Home\/Thing.swift","hash":"067c1f9252923ecf3c0bd5955c8a39a570ef582c"},{"path":"\/Users\/prpl0wl\/Documents\/SwiftSurfing\/SwiftSurfingServer\/SwiftSurfingServer\/Sources\/App\/Models\/Message.swift","hash":"01fd072a075121b91579c2626a0f59a5effad381"},{"path":"\/Users\/prpl0wl\/Documents\/SwiftSurfing\/SwiftSurfingServer\/SwiftSurfingServer\/Sources\/App\/Models\/Rating.swift","hash":"6e7f885f736017ca33955289e4d1791926c56dae"},{"path":"\/Users\/prpl0wl\/Documents\/SwiftSurfing\/SwiftSurfingServer\/SwiftSurfingServer\/Sources\/App\/Models\/Todo.swift","hash":"aae698f06ca08f2dc1ac0d471d684195e0c007b2"},{"path":"\/Users\/prpl0wl\/Documents\/SwiftSurfing\/SwiftSurfingServer\/SwiftSurfingServer\/Sources\/App\/Models\/User.swift","hash":"dbe5693977f6baaab43d3f06aef021b11814c202"},{"path":"\/Users\/prpl0wl\/Documents\/SwiftSurfing\/SwiftSurfingServer\/SwiftSurfingServer\/Sources\/App\/Models\/UserConversationPivot.swift","hash":"5eb308c04b422904dd0c8940e81f3fbe564b6368"},{"path":"\/Users\/prpl0wl\/Documents\/SwiftSurfing\/SwiftSurfingServer\/SwiftSurfingServer\/Sources\/App\/Services\/Implementations\/UserService.swift","hash":"d584ac68cef262f0f4d651ae93817d5cd01c0328"},{"path":"\/Users\/prpl0wl\/Documents\/SwiftSurfing\/SwiftSurfingServer\/SwiftSurfingServer\/Sources\/App\/Services\/Interfaces\/IUserService.swift","hash":"f3ee1714cf82aa000e9066737b3f55f4607fcd03"},{"path":"\/Users\/prpl0wl\/Documents\/SwiftSurfing\/SwiftSurfingServer\/SwiftSurfingServer\/Sources\/App\/configure.swift","hash":"86d8e087310b2c1a9daac3fbbf49797e1fe3446e"},{"path":"\/Users\/prpl0wl\/Documents\/SwiftSurfing\/SwiftSurfingServer\/SwiftSurfingServer\/Sources\/App\/routes.swift","hash":"78e1020432ceb651c0f85406dbb985c49af46cad"}],"configHash":"6b3ea299bdab3bf75a2ad5765d3ced97401efb49","dependencyPathsHash":"da39a3ee5e6b4b0d3255bfef95601890afd80709","targetPathsHash":"564e04ee2cc81cad5892094a41369414eb928db5","mockedTypesHash":"2891b3a87cd4a00510f21fa01c4f7fb4de5a26ca","outputHash":"edf058b0345aa9f1f4e131640ecbf47d6a559c23","dependencies":[],"sourceRoot":"\/Users\/prpl0wl\/Documents\/SwiftSurfing\/SwiftSurfingServer\/SwiftSurfingServer","supportingFilePaths":[],"name":"App","projectHash":"157b8ee8259a0f0771fe0f06cad7fc21dca5c768"}