{"projectHash":"157b8ee8259a0f0771fe0f06cad7fc21dca5c768","productModuleName":"ServiceTests","mockedTypeNames":["\/Users\/prpl0wl\/Documents\/SwiftSurfing\/SwiftSurfingServer\/SwiftSurfingServer\/Tests\/ServiceTests\/UserServiceTest.swift",["IUserService"]],"cliVersion":"0.20.0","sourceFilePaths":[{"path":"\/Users\/prpl0wl\/Documents\/SwiftSurfing\/SwiftSurfingServer\/SwiftSurfingServer\/Tests\/ServiceTests\/UserServiceTest.swift","hash":"6b3b07a5d11862af757bfae099fadd92af95b9cb"}],"sourceRoot":"\/Users\/prpl0wl\/Documents\/SwiftSurfing\/SwiftSurfingServer\/SwiftSurfingServer","dependencies":[],"name":"ServiceTests"}