// !$*UTF8*$!
{
	archiveVersion = 1;
	classes = {
	};
	objectVersion = 51;
	objects = {

/* Begin PBXBuildFile section */
		6405261B81F8E4FA81D2EB26 /* Pods_SwiftSurfing.framework in Frameworks */ = {isa = PBXBuildFile; fileRef = 5050D456EF170B7987DB50B0 /* Pods_SwiftSurfing.framework */; };
		DB09708C25FD4EBA0052EC09 /* HomeTabView.swift in Sources */ = {isa = PBXBuildFile; fileRef = DB09708B25FD4EBA0052EC09 /* HomeTabView.swift */; };
		DB09709025FD509C0052EC09 /* MapView.swift in Sources */ = {isa = PBXBuildFile; fileRef = DB09708F25FD509C0052EC09 /* MapView.swift */; };
		DB09709325FD50A90052EC09 /* MapInteractor.swift in Sources */ = {isa = PBXBuildFile; fileRef = DB09709225FD50A90052EC09 /* MapInteractor.swift */; };
		DB09709625FD50B50052EC09 /* MapPresenter.swift in Sources */ = {isa = PBXBuildFile; fileRef = DB09709525FD50B50052EC09 /* MapPresenter.swift */; };
		DB0970A025FFC7C10052EC09 /* Couch.swift in Sources */ = {isa = PBXBuildFile; fileRef = DB09709F25FFC7C10052EC09 /* Couch.swift */; };
		DB0970A4260141E60052EC09 /* CouchesInteractor.swift in Sources */ = {isa = PBXBuildFile; fileRef = DB0970A3260141E60052EC09 /* CouchesInteractor.swift */; };
		DB0970A8260142080052EC09 /* CouchesPresenter.swift in Sources */ = {isa = PBXBuildFile; fileRef = DB0970A7260142080052EC09 /* CouchesPresenter.swift */; };
		DB0970AB260142590052EC09 /* CouchesView.swift in Sources */ = {isa = PBXBuildFile; fileRef = DB0970AA260142590052EC09 /* CouchesView.swift */; };
		DB0970AE2601436B0052EC09 /* CouchesRouter.swift in Sources */ = {isa = PBXBuildFile; fileRef = DB0970AD2601436A0052EC09 /* CouchesRouter.swift */; };
		DB19FB6227159BD1001F25EB /* MapRouter.swift in Sources */ = {isa = PBXBuildFile; fileRef = DB19FB6127159BD1001F25EB /* MapRouter.swift */; };
		DB19FB682715B045001F25EB /* ConversationsView.swift in Sources */ = {isa = PBXBuildFile; fileRef = DB19FB672715B045001F25EB /* ConversationsView.swift */; };
		DB19FB6C2715B04F001F25EB /* ConversationsPresenter.swift in Sources */ = {isa = PBXBuildFile; fileRef = DB19FB6B2715B04F001F25EB /* ConversationsPresenter.swift */; };
		DB19FB702715B062001F25EB /* ConversationsInteractor.swift in Sources */ = {isa = PBXBuildFile; fileRef = DB19FB6F2715B062001F25EB /* ConversationsInteractor.swift */; };
		DB19FB742715B06C001F25EB /* ConversationsRouter.swift in Sources */ = {isa = PBXBuildFile; fileRef = DB19FB732715B06C001F25EB /* ConversationsRouter.swift */; };
		DB19FB7C2715B600001F25EB /* ConversationListRow.swift in Sources */ = {isa = PBXBuildFile; fileRef = DB19FB7B2715B600001F25EB /* ConversationListRow.swift */; };
		DB19FB812715FBA7001F25EB /* MessagesView.swift in Sources */ = {isa = PBXBuildFile; fileRef = DB19FB802715FBA7001F25EB /* MessagesView.swift */; };
		DB19FB872715FBB5001F25EB /* MessagesPresenter.swift in Sources */ = {isa = PBXBuildFile; fileRef = DB19FB862715FBB5001F25EB /* MessagesPresenter.swift */; };
		DB19FB8B2715FBC2001F25EB /* MessagesInteractor.swift in Sources */ = {isa = PBXBuildFile; fileRef = DB19FB8A2715FBC1001F25EB /* MessagesInteractor.swift */; };
		DB19FB8F2716007F001F25EB /* MessageView.swift in Sources */ = {isa = PBXBuildFile; fileRef = DB19FB8E2716007F001F25EB /* MessageView.swift */; };
		DB19FB93271721B0001F25EB /* AuthenticationManager.swift in Sources */ = {isa = PBXBuildFile; fileRef = DB19FB92271721B0001F25EB /* AuthenticationManager.swift */; };
		DB19FB97271726D7001F25EB /* ButtonContent.swift in Sources */ = {isa = PBXBuildFile; fileRef = DB19FB96271726D7001F25EB /* ButtonContent.swift */; };
		DB19FB9F2717361A001F25EB /* SceneDelegate.swift in Sources */ = {isa = PBXBuildFile; fileRef = DB19FB9E2717361A001F25EB /* SceneDelegate.swift */; };
		DB1EE434263AB2DF005C4AD1 /* ImagePickerKit.swift in Sources */ = {isa = PBXBuildFile; fileRef = DB1EE433263AB2DF005C4AD1 /* ImagePickerKit.swift */; };
		DB1EE437263B0B9E005C4AD1 /* ImageManagerProtocol.swift in Sources */ = {isa = PBXBuildFile; fileRef = DB1EE436263B0B9E005C4AD1 /* ImageManagerProtocol.swift */; };
		DB1EE43A263B0C51005C4AD1 /* ImageManager.swift in Sources */ = {isa = PBXBuildFile; fileRef = DB1EE439263B0C51005C4AD1 /* ImageManager.swift */; };
		DB1EE43D2643284E005C4AD1 /* User.swift in Sources */ = {isa = PBXBuildFile; fileRef = DB1EE43C2643284E005C4AD1 /* User.swift */; };
		DB1EE44026432912005C4AD1 /* UserServiceProtocol.swift in Sources */ = {isa = PBXBuildFile; fileRef = DB1EE43F26432912005C4AD1 /* UserServiceProtocol.swift */; };
		DB1EE44326432984005C4AD1 /* UserService.swift in Sources */ = {isa = PBXBuildFile; fileRef = DB1EE44226432984005C4AD1 /* UserService.swift */; };
		DB43445D2728291000997D93 /* RatingServiceProtocol.swift in Sources */ = {isa = PBXBuildFile; fileRef = DB43445C2728291000997D93 /* RatingServiceProtocol.swift */; };
		DB4344612728296900997D93 /* Rating.swift in Sources */ = {isa = PBXBuildFile; fileRef = DB4344602728296900997D93 /* Rating.swift */; };
		DB43446527282AC900997D93 /* RatingService.swift in Sources */ = {isa = PBXBuildFile; fileRef = DB43446427282AC900997D93 /* RatingService.swift */; };
		DB43446B2728329600997D93 /* RatingsView.swift in Sources */ = {isa = PBXBuildFile; fileRef = DB43446A2728329600997D93 /* RatingsView.swift */; };
		DB434471272832D200997D93 /* RatingsPresenter.swift in Sources */ = {isa = PBXBuildFile; fileRef = DB434470272832D200997D93 /* RatingsPresenter.swift */; };
		DB4344752728330A00997D93 /* RatingsInteractor.swift in Sources */ = {isa = PBXBuildFile; fileRef = DB4344742728330A00997D93 /* RatingsInteractor.swift */; };
		DB43447F2728356000997D93 /* RatingSummaryViewContext.swift in Sources */ = {isa = PBXBuildFile; fileRef = DB43447E2728356000997D93 /* RatingSummaryViewContext.swift */; };
		DB54DC1A263149D800B7618F /* RatingView.swift in Sources */ = {isa = PBXBuildFile; fileRef = DB54DC19263149D800B7618F /* RatingView.swift */; };
		DB5AA3B62713166E009F8E73 /* SwiftSurfingTests.swift in Sources */ = {isa = PBXBuildFile; fileRef = DB5AA3B52713166E009F8E73 /* SwiftSurfingTests.swift */; };
		DB5AA3C027131704009F8E73 /* CouchServiceTests.swift in Sources */ = {isa = PBXBuildFile; fileRef = DB5AA3BF27131704009F8E73 /* CouchServiceTests.swift */; };
		DB5F6A9526282C6300C83F5A /* CouchListRow.swift in Sources */ = {isa = PBXBuildFile; fileRef = DB5F6A9426282C6300C83F5A /* CouchListRow.swift */; };
		DB791BDE27273A1000B745F0 /* RatingSummaryView.swift in Sources */ = {isa = PBXBuildFile; fileRef = DB791BDD27273A1000B745F0 /* RatingSummaryView.swift */; };
		DB834E4C25E5C1B200E94268 /* SwiftSurfingApp.swift in Sources */ = {isa = PBXBuildFile; fileRef = DB834E4B25E5C1B200E94268 /* SwiftSurfingApp.swift */; };
		DB834E4E25E5C1B200E94268 /* ContentView.swift in Sources */ = {isa = PBXBuildFile; fileRef = DB834E4D25E5C1B200E94268 /* ContentView.swift */; };
		DB834E5025E5C1B300E94268 /* Assets.xcassets in Resources */ = {isa = PBXBuildFile; fileRef = DB834E4F25E5C1B300E94268 /* Assets.xcassets */; };
		DB834E5325E5C1B300E94268 /* Preview Assets.xcassets in Resources */ = {isa = PBXBuildFile; fileRef = DB834E5225E5C1B300E94268 /* Preview Assets.xcassets */; };
		DB834E6025E5C30900E94268 /* GoogleService-Info.plist in Resources */ = {isa = PBXBuildFile; fileRef = DB834E5F25E5C30900E94268 /* GoogleService-Info.plist */; };
		DB8BFDF126272A4100780517 /* SheetView.swift in Sources */ = {isa = PBXBuildFile; fileRef = DB8BFDF026272A4100780517 /* SheetView.swift */; };
		DB8BFDF526272B1600780517 /* MapViewKit.swift in Sources */ = {isa = PBXBuildFile; fileRef = DB8BFDF426272B1600780517 /* MapViewKit.swift */; };
		DB8BFDF82627368C00780517 /* SearchBarKit.swift in Sources */ = {isa = PBXBuildFile; fileRef = DB8BFDF72627368C00780517 /* SearchBarKit.swift */; };
		DBA0B9C12601469F00474B7C /* NewCouchInteractor.swift in Sources */ = {isa = PBXBuildFile; fileRef = DBA0B9C02601469F00474B7C /* NewCouchInteractor.swift */; };
		DBA0B9C5260146B600474B7C /* NewCouchPresenter.swift in Sources */ = {isa = PBXBuildFile; fileRef = DBA0B9C4260146B600474B7C /* NewCouchPresenter.swift */; };
		DBA0B9C8260146EB00474B7C /* NewCouchView.swift in Sources */ = {isa = PBXBuildFile; fileRef = DBA0B9C7260146EB00474B7C /* NewCouchView.swift */; };
		DBA0B9D9260BE79800474B7C /* CouchService.swift in Sources */ = {isa = PBXBuildFile; fileRef = DBA0B9D8260BE79800474B7C /* CouchService.swift */; };
		DBA0B9DD260BE86700474B7C /* CouchServiceProtocol.swift in Sources */ = {isa = PBXBuildFile; fileRef = DBA0B9DC260BE86700474B7C /* CouchServiceProtocol.swift */; };
		DBA0B9E1260BE8D000474B7C /* DIContainerProtocol.swift in Sources */ = {isa = PBXBuildFile; fileRef = DBA0B9E0260BE8D000474B7C /* DIContainerProtocol.swift */; };
		DBA0B9E5260BE93200474B7C /* DIContainer.swift in Sources */ = {isa = PBXBuildFile; fileRef = DBA0B9E4260BE93200474B7C /* DIContainer.swift */; };
		DBA264D42630C1B900C63431 /* CouchAnnotation.swift in Sources */ = {isa = PBXBuildFile; fileRef = DBA264D32630C1B900C63431 /* CouchAnnotation.swift */; };
		DBB559A52714AE42009AE705 /* ProfileView.swift in Sources */ = {isa = PBXBuildFile; fileRef = DBB559A42714AE42009AE705 /* ProfileView.swift */; };
		DBB559AB2714AF56009AE705 /* ProfilePresenter.swift in Sources */ = {isa = PBXBuildFile; fileRef = DBB559AA2714AF56009AE705 /* ProfilePresenter.swift */; };
		DBB559AF2714AF62009AE705 /* ProfileInteractor.swift in Sources */ = {isa = PBXBuildFile; fileRef = DBB559AE2714AF62009AE705 /* ProfileInteractor.swift */; };
		DBBF03D526FAFE7600110DEC /* MultiDatePicker.swift in Sources */ = {isa = PBXBuildFile; fileRef = DBBF03D426FAFE7600110DEC /* MultiDatePicker.swift */; };
		DBBF03D926FAFEA000110DEC /* MDPContentView.swift in Sources */ = {isa = PBXBuildFile; fileRef = DBBF03D826FAFEA000110DEC /* MDPContentView.swift */; };
		DBBF03DD26FAFEBA00110DEC /* MDPDayOfMonth.swift in Sources */ = {isa = PBXBuildFile; fileRef = DBBF03DC26FAFEBA00110DEC /* MDPDayOfMonth.swift */; };
		DBBF03E026FAFED300110DEC /* MDPDayView.swift in Sources */ = {isa = PBXBuildFile; fileRef = DBBF03DF26FAFED300110DEC /* MDPDayView.swift */; };
		DBBF03E326FAFEE500110DEC /* MDPModel.swift in Sources */ = {isa = PBXBuildFile; fileRef = DBBF03E226FAFEE500110DEC /* MDPModel.swift */; };
		DBBF03E626FAFEF600110DEC /* MDPMonthView.swift in Sources */ = {isa = PBXBuildFile; fileRef = DBBF03E526FAFEF600110DEC /* MDPMonthView.swift */; };
		DBBF03E926FAFF1200110DEC /* MDPMonthYearPicker.swift in Sources */ = {isa = PBXBuildFile; fileRef = DBBF03E826FAFF1200110DEC /* MDPMonthYearPicker.swift */; };
		DBBF03EC26FAFF2800110DEC /* MDPMonthYearPickerButton.swift in Sources */ = {isa = PBXBuildFile; fileRef = DBBF03EB26FAFF2800110DEC /* MDPMonthYearPickerButton.swift */; };
		DBBF03EF27021D4F00110DEC /* CouchDetailsRouter.swift in Sources */ = {isa = PBXBuildFile; fileRef = DBBF03EE27021D4F00110DEC /* CouchDetailsRouter.swift */; };
		DBBF03F22702202000110DEC /* Reservation.swift in Sources */ = {isa = PBXBuildFile; fileRef = DBBF03F12702202000110DEC /* Reservation.swift */; };
		DBBF03F627025E0200110DEC /* ReservationInteractor.swift in Sources */ = {isa = PBXBuildFile; fileRef = DBBF03F527025E0200110DEC /* ReservationInteractor.swift */; };
		DBBF03FA27025E1000110DEC /* ReservationPresenter.swift in Sources */ = {isa = PBXBuildFile; fileRef = DBBF03F927025E1000110DEC /* ReservationPresenter.swift */; };
		DBBF03FD27025E2A00110DEC /* ReservationView.swift in Sources */ = {isa = PBXBuildFile; fileRef = DBBF03FC27025E2A00110DEC /* ReservationView.swift */; };
		DBBF04002702648600110DEC /* ReservationServiceProtocol.swift in Sources */ = {isa = PBXBuildFile; fileRef = DBBF03FF2702648600110DEC /* ReservationServiceProtocol.swift */; };
		DBBF0403270264B500110DEC /* ReservationService.swift in Sources */ = {isa = PBXBuildFile; fileRef = DBBF0402270264B500110DEC /* ReservationService.swift */; };
		DBBF04062704B49300110DEC /* MessageServiceProtocol.swift in Sources */ = {isa = PBXBuildFile; fileRef = DBBF04052704B49300110DEC /* MessageServiceProtocol.swift */; };
		DBBF04092704B4A500110DEC /* MessageService.swift in Sources */ = {isa = PBXBuildFile; fileRef = DBBF04082704B4A500110DEC /* MessageService.swift */; };
		DBBF040C2704B6A900110DEC /* Message.swift in Sources */ = {isa = PBXBuildFile; fileRef = DBBF040B2704B6A900110DEC /* Message.swift */; };
		DBBF040F2704B6B500110DEC /* Conversation.swift in Sources */ = {isa = PBXBuildFile; fileRef = DBBF040E2704B6B500110DEC /* Conversation.swift */; };
		DBBF04122704D1C300110DEC /* ConversationServiceProtocol.swift in Sources */ = {isa = PBXBuildFile; fileRef = DBBF04112704D1C300110DEC /* ConversationServiceProtocol.swift */; };
		DBBF04152704D1EF00110DEC /* ConversationService.swift in Sources */ = {isa = PBXBuildFile; fileRef = DBBF04142704D1EF00110DEC /* ConversationService.swift */; };
		DBCBEA1F25FBECE600E74A8D /* Validation.swift in Sources */ = {isa = PBXBuildFile; fileRef = DBCBEA1E25FBECE600E74A8D /* Validation.swift */; };
		DBCBEA2325FBED2E00E74A8D /* ValidationModifier.swift in Sources */ = {isa = PBXBuildFile; fileRef = DBCBEA2225FBED2E00E74A8D /* ValidationModifier.swift */; };
		DBCBEA2625FBEF3300E74A8D /* ValidationPublishers.swift in Sources */ = {isa = PBXBuildFile; fileRef = DBCBEA2525FBEF3300E74A8D /* ValidationPublishers.swift */; };
		DBCBEA2925FBF25500E74A8D /* PublisherExtension.swift in Sources */ = {isa = PBXBuildFile; fileRef = DBCBEA2825FBF25500E74A8D /* PublisherExtension.swift */; };
		DBD60E1A27230F8200A13AC9 /* NotificationManagerProtocol.swift in Sources */ = {isa = PBXBuildFile; fileRef = DBD60E1927230F8200A13AC9 /* NotificationManagerProtocol.swift */; };
		DBD60E1E27230FA200A13AC9 /* NotificationManager.swift in Sources */ = {isa = PBXBuildFile; fileRef = DBD60E1D27230FA200A13AC9 /* NotificationManager.swift */; };
		DBE36B0D264EFE1100755851 /* CouchDetailsInteractor.swift in Sources */ = {isa = PBXBuildFile; fileRef = DBE36B0A264EFE1100755851 /* CouchDetailsInteractor.swift */; };
		DBE36B0E264EFE1100755851 /* CouchDetailsView.swift in Sources */ = {isa = PBXBuildFile; fileRef = DBE36B0B264EFE1100755851 /* CouchDetailsView.swift */; };
		DBE36B0F264EFE1100755851 /* CouchDetailsPresenter.swift in Sources */ = {isa = PBXBuildFile; fileRef = DBE36B0C264EFE1100755851 /* CouchDetailsPresenter.swift */; };
		DBEB14A225F952A90046CB30 /* LoginInteractor.swift in Sources */ = {isa = PBXBuildFile; fileRef = DBEB14A125F952A90046CB30 /* LoginInteractor.swift */; };
		DBEB14A925F98A630046CB30 /* LoginPresenter.swift in Sources */ = {isa = PBXBuildFile; fileRef = DBEB14A825F98A630046CB30 /* LoginPresenter.swift */; };
		DBEB14B025F98B760046CB30 /* LoginView.swift in Sources */ = {isa = PBXBuildFile; fileRef = DBEB14AF25F98B760046CB30 /* LoginView.swift */; };
		DBEB14B525FAD59A0046CB30 /* RegisterInteractor.swift in Sources */ = {isa = PBXBuildFile; fileRef = DBEB14B425FAD59A0046CB30 /* RegisterInteractor.swift */; };
		DBEB14B925FAD5A70046CB30 /* RegisterPresenter.swift in Sources */ = {isa = PBXBuildFile; fileRef = DBEB14B825FAD5A70046CB30 /* RegisterPresenter.swift */; };
		DBEB14BC25FAD5B60046CB30 /* RegisterView.swift in Sources */ = {isa = PBXBuildFile; fileRef = DBEB14BB25FAD5B60046CB30 /* RegisterView.swift */; };
		DBEB14BF25FAD7290046CB30 /* LoginRouter.swift in Sources */ = {isa = PBXBuildFile; fileRef = DBEB14BE25FAD7290046CB30 /* LoginRouter.swift */; };
/* End PBXBuildFile section */

/* Begin PBXContainerItemProxy section */
		DB5AA3B82713166E009F8E73 /* PBXContainerItemProxy */ = {
			isa = PBXContainerItemProxy;
			containerPortal = DB834E4025E5C1B100E94268 /* Project object */;
			proxyType = 1;
			remoteGlobalIDString = DB834E4725E5C1B200E94268;
			remoteInfo = SwiftSurfing;
		};
/* End PBXContainerItemProxy section */

/* Begin PBXFileReference section */
		0A50F48236A6131EB4310193 /* Pods-SwiftSurfing.debug.xcconfig */ = {isa = PBXFileReference; includeInIndex = 1; lastKnownFileType = text.xcconfig; name = "Pods-SwiftSurfing.debug.xcconfig"; path = "Target Support Files/Pods-SwiftSurfing/Pods-SwiftSurfing.debug.xcconfig"; sourceTree = "<group>"; };
		5050D456EF170B7987DB50B0 /* Pods_SwiftSurfing.framework */ = {isa = PBXFileReference; explicitFileType = wrapper.framework; includeInIndex = 0; path = Pods_SwiftSurfing.framework; sourceTree = BUILT_PRODUCTS_DIR; };
		D3685DD3D4951C7E45D06B29 /* Pods-SwiftSurfing.release.xcconfig */ = {isa = PBXFileReference; includeInIndex = 1; lastKnownFileType = text.xcconfig; name = "Pods-SwiftSurfing.release.xcconfig"; path = "Target Support Files/Pods-SwiftSurfing/Pods-SwiftSurfing.release.xcconfig"; sourceTree = "<group>"; };
		DB09708B25FD4EBA0052EC09 /* HomeTabView.swift */ = {isa = PBXFileReference; lastKnownFileType = sourcecode.swift; path = HomeTabView.swift; sourceTree = "<group>"; };
		DB09708F25FD509C0052EC09 /* MapView.swift */ = {isa = PBXFileReference; lastKnownFileType = sourcecode.swift; path = MapView.swift; sourceTree = "<group>"; };
		DB09709225FD50A90052EC09 /* MapInteractor.swift */ = {isa = PBXFileReference; lastKnownFileType = sourcecode.swift; path = MapInteractor.swift; sourceTree = "<group>"; };
		DB09709525FD50B50052EC09 /* MapPresenter.swift */ = {isa = PBXFileReference; lastKnownFileType = sourcecode.swift; path = MapPresenter.swift; sourceTree = "<group>"; };
		DB09709F25FFC7C10052EC09 /* Couch.swift */ = {isa = PBXFileReference; lastKnownFileType = sourcecode.swift; path = Couch.swift; sourceTree = "<group>"; };
		DB0970A3260141E60052EC09 /* CouchesInteractor.swift */ = {isa = PBXFileReference; lastKnownFileType = sourcecode.swift; path = CouchesInteractor.swift; sourceTree = "<group>"; };
		DB0970A7260142080052EC09 /* CouchesPresenter.swift */ = {isa = PBXFileReference; lastKnownFileType = sourcecode.swift; path = CouchesPresenter.swift; sourceTree = "<group>"; };
		DB0970AA260142590052EC09 /* CouchesView.swift */ = {isa = PBXFileReference; lastKnownFileType = sourcecode.swift; path = CouchesView.swift; sourceTree = "<group>"; };
		DB0970AD2601436A0052EC09 /* CouchesRouter.swift */ = {isa = PBXFileReference; lastKnownFileType = sourcecode.swift; path = CouchesRouter.swift; sourceTree = "<group>"; };
		DB19FB6127159BD1001F25EB /* MapRouter.swift */ = {isa = PBXFileReference; lastKnownFileType = sourcecode.swift; path = MapRouter.swift; sourceTree = "<group>"; };
		DB19FB672715B045001F25EB /* ConversationsView.swift */ = {isa = PBXFileReference; lastKnownFileType = sourcecode.swift; path = ConversationsView.swift; sourceTree = "<group>"; };
		DB19FB6B2715B04F001F25EB /* ConversationsPresenter.swift */ = {isa = PBXFileReference; lastKnownFileType = sourcecode.swift; path = ConversationsPresenter.swift; sourceTree = "<group>"; };
		DB19FB6F2715B062001F25EB /* ConversationsInteractor.swift */ = {isa = PBXFileReference; lastKnownFileType = sourcecode.swift; path = ConversationsInteractor.swift; sourceTree = "<group>"; };
		DB19FB732715B06C001F25EB /* ConversationsRouter.swift */ = {isa = PBXFileReference; lastKnownFileType = sourcecode.swift; path = ConversationsRouter.swift; sourceTree = "<group>"; };
		DB19FB7B2715B600001F25EB /* ConversationListRow.swift */ = {isa = PBXFileReference; lastKnownFileType = sourcecode.swift; path = ConversationListRow.swift; sourceTree = "<group>"; };
		DB19FB802715FBA7001F25EB /* MessagesView.swift */ = {isa = PBXFileReference; lastKnownFileType = sourcecode.swift; path = MessagesView.swift; sourceTree = "<group>"; };
		DB19FB862715FBB5001F25EB /* MessagesPresenter.swift */ = {isa = PBXFileReference; lastKnownFileType = sourcecode.swift; path = MessagesPresenter.swift; sourceTree = "<group>"; };
		DB19FB8A2715FBC1001F25EB /* MessagesInteractor.swift */ = {isa = PBXFileReference; lastKnownFileType = sourcecode.swift; path = MessagesInteractor.swift; sourceTree = "<group>"; };
		DB19FB8E2716007F001F25EB /* MessageView.swift */ = {isa = PBXFileReference; lastKnownFileType = sourcecode.swift; path = MessageView.swift; sourceTree = "<group>"; };
		DB19FB92271721B0001F25EB /* AuthenticationManager.swift */ = {isa = PBXFileReference; lastKnownFileType = sourcecode.swift; path = AuthenticationManager.swift; sourceTree = "<group>"; };
		DB19FB96271726D7001F25EB /* ButtonContent.swift */ = {isa = PBXFileReference; lastKnownFileType = sourcecode.swift; path = ButtonContent.swift; sourceTree = "<group>"; };
		DB19FB9E2717361A001F25EB /* SceneDelegate.swift */ = {isa = PBXFileReference; lastKnownFileType = sourcecode.swift; path = SceneDelegate.swift; sourceTree = "<group>"; };
		DB1EE433263AB2DF005C4AD1 /* ImagePickerKit.swift */ = {isa = PBXFileReference; lastKnownFileType = sourcecode.swift; path = ImagePickerKit.swift; sourceTree = "<group>"; };
		DB1EE436263B0B9E005C4AD1 /* ImageManagerProtocol.swift */ = {isa = PBXFileReference; lastKnownFileType = sourcecode.swift; path = ImageManagerProtocol.swift; sourceTree = "<group>"; };
		DB1EE439263B0C51005C4AD1 /* ImageManager.swift */ = {isa = PBXFileReference; lastKnownFileType = sourcecode.swift; path = ImageManager.swift; sourceTree = "<group>"; };
		DB1EE43C2643284E005C4AD1 /* User.swift */ = {isa = PBXFileReference; lastKnownFileType = sourcecode.swift; path = User.swift; sourceTree = "<group>"; };
		DB1EE43F26432912005C4AD1 /* UserServiceProtocol.swift */ = {isa = PBXFileReference; lastKnownFileType = sourcecode.swift; path = UserServiceProtocol.swift; sourceTree = "<group>"; };
		DB1EE44226432984005C4AD1 /* UserService.swift */ = {isa = PBXFileReference; lastKnownFileType = sourcecode.swift; path = UserService.swift; sourceTree = "<group>"; };
		DB43445C2728291000997D93 /* RatingServiceProtocol.swift */ = {isa = PBXFileReference; lastKnownFileType = sourcecode.swift; path = RatingServiceProtocol.swift; sourceTree = "<group>"; };
		DB4344602728296900997D93 /* Rating.swift */ = {isa = PBXFileReference; lastKnownFileType = sourcecode.swift; path = Rating.swift; sourceTree = "<group>"; };
		DB43446427282AC900997D93 /* RatingService.swift */ = {isa = PBXFileReference; lastKnownFileType = sourcecode.swift; path = RatingService.swift; sourceTree = "<group>"; };
		DB43446A2728329600997D93 /* RatingsView.swift */ = {isa = PBXFileReference; lastKnownFileType = sourcecode.swift; path = RatingsView.swift; sourceTree = "<group>"; };
		DB434470272832D200997D93 /* RatingsPresenter.swift */ = {isa = PBXFileReference; lastKnownFileType = sourcecode.swift; path = RatingsPresenter.swift; sourceTree = "<group>"; };
		DB4344742728330A00997D93 /* RatingsInteractor.swift */ = {isa = PBXFileReference; lastKnownFileType = sourcecode.swift; path = RatingsInteractor.swift; sourceTree = "<group>"; };
		DB43447E2728356000997D93 /* RatingSummaryViewContext.swift */ = {isa = PBXFileReference; lastKnownFileType = sourcecode.swift; path = RatingSummaryViewContext.swift; sourceTree = "<group>"; };
		DB54DC19263149D800B7618F /* RatingView.swift */ = {isa = PBXFileReference; lastKnownFileType = sourcecode.swift; path = RatingView.swift; sourceTree = "<group>"; };
		DB5AA3B32713166E009F8E73 /* SwiftSurfingTests.xctest */ = {isa = PBXFileReference; explicitFileType = wrapper.cfbundle; includeInIndex = 0; path = SwiftSurfingTests.xctest; sourceTree = BUILT_PRODUCTS_DIR; };
		DB5AA3B52713166E009F8E73 /* SwiftSurfingTests.swift */ = {isa = PBXFileReference; lastKnownFileType = sourcecode.swift; path = SwiftSurfingTests.swift; sourceTree = "<group>"; };
		DB5AA3B72713166E009F8E73 /* Info.plist */ = {isa = PBXFileReference; lastKnownFileType = text.plist.xml; path = Info.plist; sourceTree = "<group>"; };
		DB5AA3BF27131704009F8E73 /* CouchServiceTests.swift */ = {isa = PBXFileReference; lastKnownFileType = sourcecode.swift; path = CouchServiceTests.swift; sourceTree = "<group>"; };
		DB5F6A9426282C6300C83F5A /* CouchListRow.swift */ = {isa = PBXFileReference; lastKnownFileType = sourcecode.swift; path = CouchListRow.swift; sourceTree = "<group>"; };
		DB791BDD27273A1000B745F0 /* RatingSummaryView.swift */ = {isa = PBXFileReference; lastKnownFileType = sourcecode.swift; path = RatingSummaryView.swift; sourceTree = "<group>"; };
		DB834E4825E5C1B200E94268 /* SwiftSurfing.app */ = {isa = PBXFileReference; explicitFileType = wrapper.application; includeInIndex = 0; path = SwiftSurfing.app; sourceTree = BUILT_PRODUCTS_DIR; };
		DB834E4B25E5C1B200E94268 /* SwiftSurfingApp.swift */ = {isa = PBXFileReference; lastKnownFileType = sourcecode.swift; path = SwiftSurfingApp.swift; sourceTree = "<group>"; };
		DB834E4D25E5C1B200E94268 /* ContentView.swift */ = {isa = PBXFileReference; lastKnownFileType = sourcecode.swift; path = ContentView.swift; sourceTree = "<group>"; };
		DB834E4F25E5C1B300E94268 /* Assets.xcassets */ = {isa = PBXFileReference; lastKnownFileType = folder.assetcatalog; path = Assets.xcassets; sourceTree = "<group>"; };
		DB834E5225E5C1B300E94268 /* Preview Assets.xcassets */ = {isa = PBXFileReference; lastKnownFileType = folder.assetcatalog; path = "Preview Assets.xcassets"; sourceTree = "<group>"; };
		DB834E5425E5C1B300E94268 /* Info.plist */ = {isa = PBXFileReference; lastKnownFileType = text.plist.xml; path = Info.plist; sourceTree = "<group>"; };
		DB834E5F25E5C30900E94268 /* GoogleService-Info.plist */ = {isa = PBXFileReference; fileEncoding = 4; lastKnownFileType = text.plist.xml; path = "GoogleService-Info.plist"; sourceTree = "<group>"; };
		DB8BFDF026272A4100780517 /* SheetView.swift */ = {isa = PBXFileReference; lastKnownFileType = sourcecode.swift; path = SheetView.swift; sourceTree = "<group>"; };
		DB8BFDF426272B1600780517 /* MapViewKit.swift */ = {isa = PBXFileReference; lastKnownFileType = sourcecode.swift; path = MapViewKit.swift; sourceTree = "<group>"; };
		DB8BFDF72627368C00780517 /* SearchBarKit.swift */ = {isa = PBXFileReference; lastKnownFileType = sourcecode.swift; path = SearchBarKit.swift; sourceTree = "<group>"; };
		DBA0B9C02601469F00474B7C /* NewCouchInteractor.swift */ = {isa = PBXFileReference; lastKnownFileType = sourcecode.swift; path = NewCouchInteractor.swift; sourceTree = "<group>"; };
		DBA0B9C4260146B600474B7C /* NewCouchPresenter.swift */ = {isa = PBXFileReference; lastKnownFileType = sourcecode.swift; path = NewCouchPresenter.swift; sourceTree = "<group>"; };
		DBA0B9C7260146EB00474B7C /* NewCouchView.swift */ = {isa = PBXFileReference; lastKnownFileType = sourcecode.swift; path = NewCouchView.swift; sourceTree = "<group>"; };
		DBA0B9D8260BE79800474B7C /* CouchService.swift */ = {isa = PBXFileReference; lastKnownFileType = sourcecode.swift; path = CouchService.swift; sourceTree = "<group>"; };
		DBA0B9DC260BE86700474B7C /* CouchServiceProtocol.swift */ = {isa = PBXFileReference; lastKnownFileType = sourcecode.swift; path = CouchServiceProtocol.swift; sourceTree = "<group>"; };
		DBA0B9E0260BE8D000474B7C /* DIContainerProtocol.swift */ = {isa = PBXFileReference; lastKnownFileType = sourcecode.swift; path = DIContainerProtocol.swift; sourceTree = "<group>"; };
		DBA0B9E4260BE93200474B7C /* DIContainer.swift */ = {isa = PBXFileReference; lastKnownFileType = sourcecode.swift; path = DIContainer.swift; sourceTree = "<group>"; };
		DBA264D32630C1B900C63431 /* CouchAnnotation.swift */ = {isa = PBXFileReference; lastKnownFileType = sourcecode.swift; path = CouchAnnotation.swift; sourceTree = "<group>"; };
		DBB559A42714AE42009AE705 /* ProfileView.swift */ = {isa = PBXFileReference; lastKnownFileType = sourcecode.swift; path = ProfileView.swift; sourceTree = "<group>"; };
		DBB559AA2714AF56009AE705 /* ProfilePresenter.swift */ = {isa = PBXFileReference; lastKnownFileType = sourcecode.swift; path = ProfilePresenter.swift; sourceTree = "<group>"; };
		DBB559AE2714AF62009AE705 /* ProfileInteractor.swift */ = {isa = PBXFileReference; lastKnownFileType = sourcecode.swift; path = ProfileInteractor.swift; sourceTree = "<group>"; };
		DBBF03D426FAFE7600110DEC /* MultiDatePicker.swift */ = {isa = PBXFileReference; lastKnownFileType = sourcecode.swift; path = MultiDatePicker.swift; sourceTree = "<group>"; };
		DBBF03D826FAFEA000110DEC /* MDPContentView.swift */ = {isa = PBXFileReference; lastKnownFileType = sourcecode.swift; path = MDPContentView.swift; sourceTree = "<group>"; };
		DBBF03DC26FAFEBA00110DEC /* MDPDayOfMonth.swift */ = {isa = PBXFileReference; lastKnownFileType = sourcecode.swift; path = MDPDayOfMonth.swift; sourceTree = "<group>"; };
		DBBF03DF26FAFED300110DEC /* MDPDayView.swift */ = {isa = PBXFileReference; lastKnownFileType = sourcecode.swift; path = MDPDayView.swift; sourceTree = "<group>"; };
		DBBF03E226FAFEE500110DEC /* MDPModel.swift */ = {isa = PBXFileReference; lastKnownFileType = sourcecode.swift; path = MDPModel.swift; sourceTree = "<group>"; };
		DBBF03E526FAFEF600110DEC /* MDPMonthView.swift */ = {isa = PBXFileReference; lastKnownFileType = sourcecode.swift; path = MDPMonthView.swift; sourceTree = "<group>"; };
		DBBF03E826FAFF1200110DEC /* MDPMonthYearPicker.swift */ = {isa = PBXFileReference; lastKnownFileType = sourcecode.swift; path = MDPMonthYearPicker.swift; sourceTree = "<group>"; };
		DBBF03EB26FAFF2800110DEC /* MDPMonthYearPickerButton.swift */ = {isa = PBXFileReference; lastKnownFileType = sourcecode.swift; path = MDPMonthYearPickerButton.swift; sourceTree = "<group>"; };
		DBBF03EE27021D4F00110DEC /* CouchDetailsRouter.swift */ = {isa = PBXFileReference; lastKnownFileType = sourcecode.swift; path = CouchDetailsRouter.swift; sourceTree = "<group>"; };
		DBBF03F12702202000110DEC /* Reservation.swift */ = {isa = PBXFileReference; lastKnownFileType = sourcecode.swift; path = Reservation.swift; sourceTree = "<group>"; };
		DBBF03F527025E0200110DEC /* ReservationInteractor.swift */ = {isa = PBXFileReference; lastKnownFileType = sourcecode.swift; path = ReservationInteractor.swift; sourceTree = "<group>"; };
		DBBF03F927025E1000110DEC /* ReservationPresenter.swift */ = {isa = PBXFileReference; lastKnownFileType = sourcecode.swift; path = ReservationPresenter.swift; sourceTree = "<group>"; };
		DBBF03FC27025E2A00110DEC /* ReservationView.swift */ = {isa = PBXFileReference; lastKnownFileType = sourcecode.swift; path = ReservationView.swift; sourceTree = "<group>"; };
		DBBF03FF2702648600110DEC /* ReservationServiceProtocol.swift */ = {isa = PBXFileReference; lastKnownFileType = sourcecode.swift; path = ReservationServiceProtocol.swift; sourceTree = "<group>"; };
		DBBF0402270264B500110DEC /* ReservationService.swift */ = {isa = PBXFileReference; lastKnownFileType = sourcecode.swift; path = ReservationService.swift; sourceTree = "<group>"; };
		DBBF04052704B49300110DEC /* MessageServiceProtocol.swift */ = {isa = PBXFileReference; lastKnownFileType = sourcecode.swift; path = MessageServiceProtocol.swift; sourceTree = "<group>"; };
		DBBF04082704B4A500110DEC /* MessageService.swift */ = {isa = PBXFileReference; lastKnownFileType = sourcecode.swift; path = MessageService.swift; sourceTree = "<group>"; };
		DBBF040B2704B6A900110DEC /* Message.swift */ = {isa = PBXFileReference; lastKnownFileType = sourcecode.swift; path = Message.swift; sourceTree = "<group>"; };
		DBBF040E2704B6B500110DEC /* Conversation.swift */ = {isa = PBXFileReference; lastKnownFileType = sourcecode.swift; path = Conversation.swift; sourceTree = "<group>"; };
		DBBF04112704D1C300110DEC /* ConversationServiceProtocol.swift */ = {isa = PBXFileReference; lastKnownFileType = sourcecode.swift; path = ConversationServiceProtocol.swift; sourceTree = "<group>"; };
		DBBF04142704D1EF00110DEC /* ConversationService.swift */ = {isa = PBXFileReference; lastKnownFileType = sourcecode.swift; path = ConversationService.swift; sourceTree = "<group>"; };
		DBCBEA1E25FBECE600E74A8D /* Validation.swift */ = {isa = PBXFileReference; lastKnownFileType = sourcecode.swift; path = Validation.swift; sourceTree = "<group>"; };
		DBCBEA2225FBED2E00E74A8D /* ValidationModifier.swift */ = {isa = PBXFileReference; lastKnownFileType = sourcecode.swift; path = ValidationModifier.swift; sourceTree = "<group>"; };
		DBCBEA2525FBEF3300E74A8D /* ValidationPublishers.swift */ = {isa = PBXFileReference; lastKnownFileType = sourcecode.swift; path = ValidationPublishers.swift; sourceTree = "<group>"; };
		DBCBEA2825FBF25500E74A8D /* PublisherExtension.swift */ = {isa = PBXFileReference; lastKnownFileType = sourcecode.swift; path = PublisherExtension.swift; sourceTree = "<group>"; };
		DBD60E1927230F8200A13AC9 /* NotificationManagerProtocol.swift */ = {isa = PBXFileReference; lastKnownFileType = sourcecode.swift; path = NotificationManagerProtocol.swift; sourceTree = "<group>"; };
		DBD60E1D27230FA200A13AC9 /* NotificationManager.swift */ = {isa = PBXFileReference; lastKnownFileType = sourcecode.swift; path = NotificationManager.swift; sourceTree = "<group>"; };
		DBE36B0A264EFE1100755851 /* CouchDetailsInteractor.swift */ = {isa = PBXFileReference; fileEncoding = 4; lastKnownFileType = sourcecode.swift; name = CouchDetailsInteractor.swift; path = CouchDetailsModule/CouchDetailsInteractor.swift; sourceTree = "<group>"; };
		DBE36B0B264EFE1100755851 /* CouchDetailsView.swift */ = {isa = PBXFileReference; fileEncoding = 4; lastKnownFileType = sourcecode.swift; name = CouchDetailsView.swift; path = CouchDetailsModule/CouchDetailsView.swift; sourceTree = "<group>"; };
		DBE36B0C264EFE1100755851 /* CouchDetailsPresenter.swift */ = {isa = PBXFileReference; fileEncoding = 4; lastKnownFileType = sourcecode.swift; name = CouchDetailsPresenter.swift; path = CouchDetailsModule/CouchDetailsPresenter.swift; sourceTree = "<group>"; };
		DBEB14A125F952A90046CB30 /* LoginInteractor.swift */ = {isa = PBXFileReference; lastKnownFileType = sourcecode.swift; path = LoginInteractor.swift; sourceTree = "<group>"; };
		DBEB14A825F98A630046CB30 /* LoginPresenter.swift */ = {isa = PBXFileReference; lastKnownFileType = sourcecode.swift; path = LoginPresenter.swift; sourceTree = "<group>"; };
		DBEB14AF25F98B760046CB30 /* LoginView.swift */ = {isa = PBXFileReference; lastKnownFileType = sourcecode.swift; path = LoginView.swift; sourceTree = "<group>"; };
		DBEB14B425FAD59A0046CB30 /* RegisterInteractor.swift */ = {isa = PBXFileReference; lastKnownFileType = sourcecode.swift; path = RegisterInteractor.swift; sourceTree = "<group>"; };
		DBEB14B825FAD5A70046CB30 /* RegisterPresenter.swift */ = {isa = PBXFileReference; lastKnownFileType = sourcecode.swift; path = RegisterPresenter.swift; sourceTree = "<group>"; };
		DBEB14BB25FAD5B60046CB30 /* RegisterView.swift */ = {isa = PBXFileReference; lastKnownFileType = sourcecode.swift; path = RegisterView.swift; sourceTree = "<group>"; };
		DBEB14BE25FAD7290046CB30 /* LoginRouter.swift */ = {isa = PBXFileReference; lastKnownFileType = sourcecode.swift; path = LoginRouter.swift; sourceTree = "<group>"; };
/* End PBXFileReference section */

/* Begin PBXFrameworksBuildPhase section */
		DB5AA3B02713166E009F8E73 /* Frameworks */ = {
			isa = PBXFrameworksBuildPhase;
			buildActionMask = 2147483647;
			files = (
			);
			runOnlyForDeploymentPostprocessing = 0;
		};
		DB834E4525E5C1B200E94268 /* Frameworks */ = {
			isa = PBXFrameworksBuildPhase;
			buildActionMask = 2147483647;
			files = (
				6405261B81F8E4FA81D2EB26 /* Pods_SwiftSurfing.framework in Frameworks */,
			);
			runOnlyForDeploymentPostprocessing = 0;
		};
/* End PBXFrameworksBuildPhase section */

/* Begin PBXGroup section */
		A8DB16DF6952F6A635C5CAC9 /* Frameworks */ = {
			isa = PBXGroup;
			children = (
				5050D456EF170B7987DB50B0 /* Pods_SwiftSurfing.framework */,
			);
			name = Frameworks;
			sourceTree = "<group>";
		};
		B80B600E62F20F28CA31E980 /* Pods */ = {
			isa = PBXGroup;
			children = (
				0A50F48236A6131EB4310193 /* Pods-SwiftSurfing.debug.xcconfig */,
				D3685DD3D4951C7E45D06B29 /* Pods-SwiftSurfing.release.xcconfig */,
			);
			path = Pods;
			sourceTree = "<group>";
		};
		DB09708A25FD4EA40052EC09 /* HomeModule */ = {
			isa = PBXGroup;
			children = (
				DB09708B25FD4EBA0052EC09 /* HomeTabView.swift */,
			);
			path = HomeModule;
			sourceTree = "<group>";
		};
		DB09709E25FFC7B40052EC09 /* Entities */ = {
			isa = PBXGroup;
			children = (
				DB09709F25FFC7C10052EC09 /* Couch.swift */,
				DBA264D32630C1B900C63431 /* CouchAnnotation.swift */,
				DB1EE43C2643284E005C4AD1 /* User.swift */,
				DBBF03F12702202000110DEC /* Reservation.swift */,
				DBBF040B2704B6A900110DEC /* Message.swift */,
				DBBF040E2704B6B500110DEC /* Conversation.swift */,
				DB4344602728296900997D93 /* Rating.swift */,
			);
			path = Entities;
			sourceTree = "<group>";
		};
		DB0970A2260141CA0052EC09 /* CouchesModule */ = {
			isa = PBXGroup;
			children = (
				DB0970A3260141E60052EC09 /* CouchesInteractor.swift */,
				DB0970A7260142080052EC09 /* CouchesPresenter.swift */,
				DB0970AA260142590052EC09 /* CouchesView.swift */,
				DB0970AD2601436A0052EC09 /* CouchesRouter.swift */,
			);
			path = CouchesModule;
			sourceTree = "<group>";
		};
		DB19FB652715B02A001F25EB /* ConversationsModule */ = {
			isa = PBXGroup;
			children = (
				DB19FB672715B045001F25EB /* ConversationsView.swift */,
				DB19FB6B2715B04F001F25EB /* ConversationsPresenter.swift */,
				DB19FB6F2715B062001F25EB /* ConversationsInteractor.swift */,
				DB19FB732715B06C001F25EB /* ConversationsRouter.swift */,
			);
			path = ConversationsModule;
			sourceTree = "<group>";
		};
		DB19FB7F2715FB92001F25EB /* MessagesModule */ = {
			isa = PBXGroup;
			children = (
				DB19FB802715FBA7001F25EB /* MessagesView.swift */,
				DB19FB862715FBB5001F25EB /* MessagesPresenter.swift */,
				DB19FB8A2715FBC1001F25EB /* MessagesInteractor.swift */,
			);
			path = MessagesModule;
			sourceTree = "<group>";
		};
		DB1EE44526433DD1005C4AD1 /* CouchDetailsModule */ = {
			isa = PBXGroup;
			children = (
				DBE36B0A264EFE1100755851 /* CouchDetailsInteractor.swift */,
				DBE36B0C264EFE1100755851 /* CouchDetailsPresenter.swift */,
				DBE36B0B264EFE1100755851 /* CouchDetailsView.swift */,
				DBBF03EE27021D4F00110DEC /* CouchDetailsRouter.swift */,
			);
			name = CouchDetailsModule;
			sourceTree = "<group>";
		};
		DB4344692728328100997D93 /* RatingsModule */ = {
			isa = PBXGroup;
			children = (
				DB43446A2728329600997D93 /* RatingsView.swift */,
				DB434470272832D200997D93 /* RatingsPresenter.swift */,
				DB4344742728330A00997D93 /* RatingsInteractor.swift */,
			);
			path = RatingsModule;
			sourceTree = "<group>";
		};
		DB5AA3B42713166E009F8E73 /* SwiftSurfingTests */ = {
			isa = PBXGroup;
			children = (
				DB5AA3B52713166E009F8E73 /* SwiftSurfingTests.swift */,
				DB5AA3BF27131704009F8E73 /* CouchServiceTests.swift */,
				DB5AA3B72713166E009F8E73 /* Info.plist */,
			);
			path = SwiftSurfingTests;
			sourceTree = "<group>";
		};
		DB834E3F25E5C1B100E94268 = {
			isa = PBXGroup;
			children = (
				DB834E4A25E5C1B200E94268 /* SwiftSurfing */,
				DB5AA3B42713166E009F8E73 /* SwiftSurfingTests */,
				DB834E4925E5C1B200E94268 /* Products */,
				B80B600E62F20F28CA31E980 /* Pods */,
				A8DB16DF6952F6A635C5CAC9 /* Frameworks */,
			);
			sourceTree = "<group>";
		};
		DB834E4925E5C1B200E94268 /* Products */ = {
			isa = PBXGroup;
			children = (
				DB834E4825E5C1B200E94268 /* SwiftSurfing.app */,
				DB5AA3B32713166E009F8E73 /* SwiftSurfingTests.xctest */,
			);
			name = Products;
			sourceTree = "<group>";
		};
		DB834E4A25E5C1B200E94268 /* SwiftSurfing */ = {
			isa = PBXGroup;
			children = (
				DB8BFDEF262729F300780517 /* CommonViews */,
				DBA0B9D1260BE5E700474B7C /* Services */,
				DB09709E25FFC7B40052EC09 /* Entities */,
				DBCBEA1C25FBEC3600E74A8D /* Utils */,
				DBEB149F25F950C10046CB30 /* Modules */,
				DB834E5F25E5C30900E94268 /* GoogleService-Info.plist */,
				DB834E4B25E5C1B200E94268 /* SwiftSurfingApp.swift */,
				DB834E4D25E5C1B200E94268 /* ContentView.swift */,
				DB834E4F25E5C1B300E94268 /* Assets.xcassets */,
				DB834E5425E5C1B300E94268 /* Info.plist */,
				DB834E5125E5C1B300E94268 /* Preview Content */,
				DB19FB9E2717361A001F25EB /* SceneDelegate.swift */,
			);
			path = SwiftSurfing;
			sourceTree = "<group>";
		};
		DB834E5125E5C1B300E94268 /* Preview Content */ = {
			isa = PBXGroup;
			children = (
				DB834E5225E5C1B300E94268 /* Preview Assets.xcassets */,
			);
			path = "Preview Content";
			sourceTree = "<group>";
		};
		DB8BFDEF262729F300780517 /* CommonViews */ = {
			isa = PBXGroup;
			children = (
				DBBF03D326FAFE4700110DEC /* MultiDatePicker */,
				DB8BFDF026272A4100780517 /* SheetView.swift */,
				DB8BFDF426272B1600780517 /* MapViewKit.swift */,
				DB8BFDF72627368C00780517 /* SearchBarKit.swift */,
				DB5F6A9426282C6300C83F5A /* CouchListRow.swift */,
				DB54DC19263149D800B7618F /* RatingView.swift */,
				DB1EE433263AB2DF005C4AD1 /* ImagePickerKit.swift */,
				DB19FB7B2715B600001F25EB /* ConversationListRow.swift */,
				DB19FB8E2716007F001F25EB /* MessageView.swift */,
				DB19FB96271726D7001F25EB /* ButtonContent.swift */,
				DB791BDD27273A1000B745F0 /* RatingSummaryView.swift */,
				DB43447E2728356000997D93 /* RatingSummaryViewContext.swift */,
			);
			path = CommonViews;
			sourceTree = "<group>";
		};
		DBA0B9BF2601468800474B7C /* NewCouchModule */ = {
			isa = PBXGroup;
			children = (
				DBA0B9C02601469F00474B7C /* NewCouchInteractor.swift */,
				DBA0B9C4260146B600474B7C /* NewCouchPresenter.swift */,
				DBA0B9C7260146EB00474B7C /* NewCouchView.swift */,
			);
			path = NewCouchModule;
			sourceTree = "<group>";
		};
		DBA0B9D1260BE5E700474B7C /* Services */ = {
			isa = PBXGroup;
			children = (
				DBA0B9D3260BE5F600474B7C /* Implementations */,
				DBA0B9D2260BE5EE00474B7C /* Protocols */,
				DB19FB92271721B0001F25EB /* AuthenticationManager.swift */,
			);
			path = Services;
			sourceTree = "<group>";
		};
		DBA0B9D2260BE5EE00474B7C /* Protocols */ = {
			isa = PBXGroup;
			children = (
				DBA0B9DC260BE86700474B7C /* CouchServiceProtocol.swift */,
				DB1EE436263B0B9E005C4AD1 /* ImageManagerProtocol.swift */,
				DB1EE43F26432912005C4AD1 /* UserServiceProtocol.swift */,
				DBBF03FF2702648600110DEC /* ReservationServiceProtocol.swift */,
				DBBF04052704B49300110DEC /* MessageServiceProtocol.swift */,
				DBBF04112704D1C300110DEC /* ConversationServiceProtocol.swift */,
				DBD60E1927230F8200A13AC9 /* NotificationManagerProtocol.swift */,
				DB43445C2728291000997D93 /* RatingServiceProtocol.swift */,
			);
			path = Protocols;
			sourceTree = "<group>";
		};
		DBA0B9D3260BE5F600474B7C /* Implementations */ = {
			isa = PBXGroup;
			children = (
				DBA0B9D8260BE79800474B7C /* CouchService.swift */,
				DB1EE439263B0C51005C4AD1 /* ImageManager.swift */,
				DB1EE44226432984005C4AD1 /* UserService.swift */,
				DBBF0402270264B500110DEC /* ReservationService.swift */,
				DBBF04082704B4A500110DEC /* MessageService.swift */,
				DBBF04142704D1EF00110DEC /* ConversationService.swift */,
				DBD60E1D27230FA200A13AC9 /* NotificationManager.swift */,
				DB43446427282AC900997D93 /* RatingService.swift */,
			);
			path = Implementations;
			sourceTree = "<group>";
		};
		DBA0B9DF260BE8B400474B7C /* DependencyInjection */ = {
			isa = PBXGroup;
			children = (
				DBA0B9E0260BE8D000474B7C /* DIContainerProtocol.swift */,
				DBA0B9E4260BE93200474B7C /* DIContainer.swift */,
			);
			path = DependencyInjection;
			sourceTree = "<group>";
		};
		DBB559A32714AE2F009AE705 /* ProfileModule */ = {
			isa = PBXGroup;
			children = (
				DBB559A42714AE42009AE705 /* ProfileView.swift */,
				DBB559AA2714AF56009AE705 /* ProfilePresenter.swift */,
				DBB559AE2714AF62009AE705 /* ProfileInteractor.swift */,
			);
			path = ProfileModule;
			sourceTree = "<group>";
		};
		DBBF03D326FAFE4700110DEC /* MultiDatePicker */ = {
			isa = PBXGroup;
			children = (
				DBBF03D726FAFE7F00110DEC /* Components */,
				DBBF03D426FAFE7600110DEC /* MultiDatePicker.swift */,
			);
			path = MultiDatePicker;
			sourceTree = "<group>";
		};
		DBBF03D726FAFE7F00110DEC /* Components */ = {
			isa = PBXGroup;
			children = (
				DBBF03D826FAFEA000110DEC /* MDPContentView.swift */,
				DBBF03DC26FAFEBA00110DEC /* MDPDayOfMonth.swift */,
				DBBF03DF26FAFED300110DEC /* MDPDayView.swift */,
				DBBF03E226FAFEE500110DEC /* MDPModel.swift */,
				DBBF03E526FAFEF600110DEC /* MDPMonthView.swift */,
				DBBF03E826FAFF1200110DEC /* MDPMonthYearPicker.swift */,
				DBBF03EB26FAFF2800110DEC /* MDPMonthYearPickerButton.swift */,
			);
			path = Components;
			sourceTree = "<group>";
		};
		DBBF03F427025DEE00110DEC /* ReservationModule */ = {
			isa = PBXGroup;
			children = (
				DBBF03F527025E0200110DEC /* ReservationInteractor.swift */,
				DBBF03F927025E1000110DEC /* ReservationPresenter.swift */,
				DBBF03FC27025E2A00110DEC /* ReservationView.swift */,
			);
			path = ReservationModule;
			sourceTree = "<group>";
		};
		DBCBEA1C25FBEC3600E74A8D /* Utils */ = {
			isa = PBXGroup;
			children = (
				DBA0B9DF260BE8B400474B7C /* DependencyInjection */,
				DBCBEA1D25FBECCE00E74A8D /* Validation */,
			);
			path = Utils;
			sourceTree = "<group>";
		};
		DBCBEA1D25FBECCE00E74A8D /* Validation */ = {
			isa = PBXGroup;
			children = (
				DBCBEA1E25FBECE600E74A8D /* Validation.swift */,
				DBCBEA2225FBED2E00E74A8D /* ValidationModifier.swift */,
				DBCBEA2525FBEF3300E74A8D /* ValidationPublishers.swift */,
				DBCBEA2825FBF25500E74A8D /* PublisherExtension.swift */,
			);
			path = Validation;
			sourceTree = "<group>";
		};
		DBCBEA2B25FD450600E74A8D /* MapModule */ = {
			isa = PBXGroup;
			children = (
				DB09708F25FD509C0052EC09 /* MapView.swift */,
				DB09709225FD50A90052EC09 /* MapInteractor.swift */,
				DB09709525FD50B50052EC09 /* MapPresenter.swift */,
				DB19FB6127159BD1001F25EB /* MapRouter.swift */,
			);
			path = MapModule;
			sourceTree = "<group>";
		};
		DBEB149F25F950C10046CB30 /* Modules */ = {
			isa = PBXGroup;
			children = (
				DB4344692728328100997D93 /* RatingsModule */,
				DB19FB7F2715FB92001F25EB /* MessagesModule */,
				DB19FB652715B02A001F25EB /* ConversationsModule */,
				DBB559A32714AE2F009AE705 /* ProfileModule */,
				DBBF03F427025DEE00110DEC /* ReservationModule */,
				DB1EE44526433DD1005C4AD1 /* CouchDetailsModule */,
				DBA0B9BF2601468800474B7C /* NewCouchModule */,
				DB0970A2260141CA0052EC09 /* CouchesModule */,
				DB09708A25FD4EA40052EC09 /* HomeModule */,
				DBCBEA2B25FD450600E74A8D /* MapModule */,
				DBEB14B325FAD5870046CB30 /* RegisterModule */,
				DBEB14A025F950CB0046CB30 /* LoginModule */,
			);
			path = Modules;
			sourceTree = "<group>";
		};
		DBEB14A025F950CB0046CB30 /* LoginModule */ = {
			isa = PBXGroup;
			children = (
				DBEB14A125F952A90046CB30 /* LoginInteractor.swift */,
				DBEB14A825F98A630046CB30 /* LoginPresenter.swift */,
				DBEB14AF25F98B760046CB30 /* LoginView.swift */,
				DBEB14BE25FAD7290046CB30 /* LoginRouter.swift */,
			);
			path = LoginModule;
			sourceTree = "<group>";
		};
		DBEB14B325FAD5870046CB30 /* RegisterModule */ = {
			isa = PBXGroup;
			children = (
				DBEB14B425FAD59A0046CB30 /* RegisterInteractor.swift */,
				DBEB14B825FAD5A70046CB30 /* RegisterPresenter.swift */,
				DBEB14BB25FAD5B60046CB30 /* RegisterView.swift */,
			);
			path = RegisterModule;
			sourceTree = "<group>";
		};
/* End PBXGroup section */

/* Begin PBXNativeTarget section */
		DB5AA3B22713166E009F8E73 /* SwiftSurfingTests */ = {
			isa = PBXNativeTarget;
			buildConfigurationList = DB5AA3BC2713166E009F8E73 /* Build configuration list for PBXNativeTarget "SwiftSurfingTests" */;
			buildPhases = (
				DB5AA3AF2713166E009F8E73 /* Sources */,
				DB5AA3B02713166E009F8E73 /* Frameworks */,
				DB5AA3B12713166E009F8E73 /* Resources */,
			);
			buildRules = (
			);
			dependencies = (
				DB5AA3B92713166E009F8E73 /* PBXTargetDependency */,
			);
			name = SwiftSurfingTests;
			productName = SwiftSurfingTests;
			productReference = DB5AA3B32713166E009F8E73 /* SwiftSurfingTests.xctest */;
			productType = "com.apple.product-type.bundle.unit-test";
		};
		DB834E4725E5C1B200E94268 /* SwiftSurfing */ = {
			isa = PBXNativeTarget;
			buildConfigurationList = DB834E5725E5C1B300E94268 /* Build configuration list for PBXNativeTarget "SwiftSurfing" */;
			buildPhases = (
				5F39AA2739DC10C57D205C87 /* [CP] Check Pods Manifest.lock */,
				DB834E4425E5C1B200E94268 /* Sources */,
				DB834E4525E5C1B200E94268 /* Frameworks */,
				DB834E4625E5C1B200E94268 /* Resources */,
				C0D93CE1ACB17E24626485E8 /* [CP] Embed Pods Frameworks */,
			);
			buildRules = (
			);
			dependencies = (
			);
			name = SwiftSurfing;
			productName = SwiftSurfing;
			productReference = DB834E4825E5C1B200E94268 /* SwiftSurfing.app */;
			productType = "com.apple.product-type.application";
		};
/* End PBXNativeTarget section */

/* Begin PBXProject section */
		DB834E4025E5C1B100E94268 /* Project object */ = {
			isa = PBXProject;
			attributes = {
				LastSwiftUpdateCheck = 1240;
				LastUpgradeCheck = 1210;
				TargetAttributes = {
					DB5AA3B22713166E009F8E73 = {
						CreatedOnToolsVersion = 12.4;
						TestTargetID = DB834E4725E5C1B200E94268;
					};
					DB834E4725E5C1B200E94268 = {
						CreatedOnToolsVersion = 12.1;
					};
				};
			};
			buildConfigurationList = DB834E4325E5C1B200E94268 /* Build configuration list for PBXProject "SwiftSurfing" */;
			compatibilityVersion = "Xcode 9.3";
			developmentRegion = en;
			hasScannedForEncodings = 0;
			knownRegions = (
				en,
				Base,
			);
			mainGroup = DB834E3F25E5C1B100E94268;
			productRefGroup = DB834E4925E5C1B200E94268 /* Products */;
			projectDirPath = "";
			projectRoot = "";
			targets = (
				DB834E4725E5C1B200E94268 /* SwiftSurfing */,
				DB5AA3B22713166E009F8E73 /* SwiftSurfingTests */,
			);
		};
/* End PBXProject section */

/* Begin PBXResourcesBuildPhase section */
		DB5AA3B12713166E009F8E73 /* Resources */ = {
			isa = PBXResourcesBuildPhase;
			buildActionMask = 2147483647;
			files = (
			);
			runOnlyForDeploymentPostprocessing = 0;
		};
		DB834E4625E5C1B200E94268 /* Resources */ = {
			isa = PBXResourcesBuildPhase;
			buildActionMask = 2147483647;
			files = (
				DB834E5325E5C1B300E94268 /* Preview Assets.xcassets in Resources */,
				DB834E5025E5C1B300E94268 /* Assets.xcassets in Resources */,
				DB834E6025E5C30900E94268 /* GoogleService-Info.plist in Resources */,
			);
			runOnlyForDeploymentPostprocessing = 0;
		};
/* End PBXResourcesBuildPhase section */

/* Begin PBXShellScriptBuildPhase section */
		5F39AA2739DC10C57D205C87 /* [CP] Check Pods Manifest.lock */ = {
			isa = PBXShellScriptBuildPhase;
			buildActionMask = 2147483647;
			files = (
			);
			inputFileListPaths = (
			);
			inputPaths = (
				"${PODS_PODFILE_DIR_PATH}/Podfile.lock",
				"${PODS_ROOT}/Manifest.lock",
			);
			name = "[CP] Check Pods Manifest.lock";
			outputFileListPaths = (
			);
			outputPaths = (
				"$(DERIVED_FILE_DIR)/Pods-SwiftSurfing-checkManifestLockResult.txt",
			);
			runOnlyForDeploymentPostprocessing = 0;
			shellPath = /bin/sh;
			shellScript = "diff \"${PODS_PODFILE_DIR_PATH}/Podfile.lock\" \"${PODS_ROOT}/Manifest.lock\" > /dev/null\nif [ $? != 0 ] ; then\n    # print error to STDERR\n    echo \"error: The sandbox is not in sync with the Podfile.lock. Run 'pod install' or update your CocoaPods installation.\" >&2\n    exit 1\nfi\n# This output is used by Xcode 'outputs' to avoid re-running this script phase.\necho \"SUCCESS\" > \"${SCRIPT_OUTPUT_FILE_0}\"\n";
			showEnvVarsInLog = 0;
		};
		C0D93CE1ACB17E24626485E8 /* [CP] Embed Pods Frameworks */ = {
			isa = PBXShellScriptBuildPhase;
			buildActionMask = 2147483647;
			files = (
			);
			inputFileListPaths = (
				"${PODS_ROOT}/Target Support Files/Pods-SwiftSurfing/Pods-SwiftSurfing-frameworks-${CONFIGURATION}-input-files.xcfilelist",
			);
			name = "[CP] Embed Pods Frameworks";
			outputFileListPaths = (
				"${PODS_ROOT}/Target Support Files/Pods-SwiftSurfing/Pods-SwiftSurfing-frameworks-${CONFIGURATION}-output-files.xcfilelist",
			);
			runOnlyForDeploymentPostprocessing = 0;
			shellPath = /bin/sh;
			shellScript = "\"${PODS_ROOT}/Target Support Files/Pods-SwiftSurfing/Pods-SwiftSurfing-frameworks.sh\"\n";
			showEnvVarsInLog = 0;
		};
/* End PBXShellScriptBuildPhase section */

/* Begin PBXSourcesBuildPhase section */
		DB5AA3AF2713166E009F8E73 /* Sources */ = {
			isa = PBXSourcesBuildPhase;
			buildActionMask = 2147483647;
			files = (
				DB5AA3C027131704009F8E73 /* CouchServiceTests.swift in Sources */,
				DB5AA3B62713166E009F8E73 /* SwiftSurfingTests.swift in Sources */,
			);
			runOnlyForDeploymentPostprocessing = 0;
		};
		DB834E4425E5C1B200E94268 /* Sources */ = {
			isa = PBXSourcesBuildPhase;
			buildActionMask = 2147483647;
			files = (
				DBD60E1E27230FA200A13AC9 /* NotificationManager.swift in Sources */,
				DBBF03DD26FAFEBA00110DEC /* MDPDayOfMonth.swift in Sources */,
				DB19FB6C2715B04F001F25EB /* ConversationsPresenter.swift in Sources */,
				DBBF03E926FAFF1200110DEC /* MDPMonthYearPicker.swift in Sources */,
				DB791BDE27273A1000B745F0 /* RatingSummaryView.swift in Sources */,
				DBBF03F22702202000110DEC /* Reservation.swift in Sources */,
				DBEB14B025F98B760046CB30 /* LoginView.swift in Sources */,
				DB43446B2728329600997D93 /* RatingsView.swift in Sources */,
				DB19FB93271721B0001F25EB /* AuthenticationManager.swift in Sources */,
				DB09709025FD509C0052EC09 /* MapView.swift in Sources */,
				DB19FB8B2715FBC2001F25EB /* MessagesInteractor.swift in Sources */,
				DBBF04092704B4A500110DEC /* MessageService.swift in Sources */,
				DB1EE43A263B0C51005C4AD1 /* ImageManager.swift in Sources */,
				DB19FB702715B062001F25EB /* ConversationsInteractor.swift in Sources */,
				DB834E4E25E5C1B200E94268 /* ContentView.swift in Sources */,
				DB4344752728330A00997D93 /* RatingsInteractor.swift in Sources */,
				DBCBEA2925FBF25500E74A8D /* PublisherExtension.swift in Sources */,
				DB8BFDF526272B1600780517 /* MapViewKit.swift in Sources */,
				DB1EE437263B0B9E005C4AD1 /* ImageManagerProtocol.swift in Sources */,
				DB0970AE2601436B0052EC09 /* CouchesRouter.swift in Sources */,
				DB8BFDF82627368C00780517 /* SearchBarKit.swift in Sources */,
				DBBF03EF27021D4F00110DEC /* CouchDetailsRouter.swift in Sources */,
				DBEB14B925FAD5A70046CB30 /* RegisterPresenter.swift in Sources */,
				DB19FB6227159BD1001F25EB /* MapRouter.swift in Sources */,
				DB19FB8F2716007F001F25EB /* MessageView.swift in Sources */,
				DB09709325FD50A90052EC09 /* MapInteractor.swift in Sources */,
				DB19FB682715B045001F25EB /* ConversationsView.swift in Sources */,
				DBBF04152704D1EF00110DEC /* ConversationService.swift in Sources */,
				DB834E4C25E5C1B200E94268 /* SwiftSurfingApp.swift in Sources */,
				DBA0B9D9260BE79800474B7C /* CouchService.swift in Sources */,
				DB0970A4260141E60052EC09 /* CouchesInteractor.swift in Sources */,
				DBBF03E626FAFEF600110DEC /* MDPMonthView.swift in Sources */,
				DBBF040C2704B6A900110DEC /* Message.swift in Sources */,
				DBEB14B525FAD59A0046CB30 /* RegisterInteractor.swift in Sources */,
				DB1EE44026432912005C4AD1 /* UserServiceProtocol.swift in Sources */,
				DBA264D42630C1B900C63431 /* CouchAnnotation.swift in Sources */,
				DBE36B0E264EFE1100755851 /* CouchDetailsView.swift in Sources */,
				DB54DC1A263149D800B7618F /* RatingView.swift in Sources */,
				DB4344612728296900997D93 /* Rating.swift in Sources */,
				DB1EE43D2643284E005C4AD1 /* User.swift in Sources */,
				DB1EE434263AB2DF005C4AD1 /* ImagePickerKit.swift in Sources */,
				DBCBEA2625FBEF3300E74A8D /* ValidationPublishers.swift in Sources */,
				DBBF04062704B49300110DEC /* MessageServiceProtocol.swift in Sources */,
				DBA0B9C5260146B600474B7C /* NewCouchPresenter.swift in Sources */,
				DB8BFDF126272A4100780517 /* SheetView.swift in Sources */,
				DB5F6A9526282C6300C83F5A /* CouchListRow.swift in Sources */,
				DBBF03D926FAFEA000110DEC /* MDPContentView.swift in Sources */,
				DBB559AB2714AF56009AE705 /* ProfilePresenter.swift in Sources */,
				DBE36B0D264EFE1100755851 /* CouchDetailsInteractor.swift in Sources */,
				DB0970A8260142080052EC09 /* CouchesPresenter.swift in Sources */,
				DBB559A52714AE42009AE705 /* ProfileView.swift in Sources */,
				DB1EE44326432984005C4AD1 /* UserService.swift in Sources */,
				DBBF03FD27025E2A00110DEC /* ReservationView.swift in Sources */,
				DBA0B9E1260BE8D000474B7C /* DIContainerProtocol.swift in Sources */,
				DBBF04002702648600110DEC /* ReservationServiceProtocol.swift in Sources */,
				DB43447F2728356000997D93 /* RatingSummaryViewContext.swift in Sources */,
				DB19FB812715FBA7001F25EB /* MessagesView.swift in Sources */,
				DBCBEA2325FBED2E00E74A8D /* ValidationModifier.swift in Sources */,
				DB19FB97271726D7001F25EB /* ButtonContent.swift in Sources */,
				DBB559AF2714AF62009AE705 /* ProfileInteractor.swift in Sources */,
				DB0970A025FFC7C10052EC09 /* Couch.swift in Sources */,
				DB19FB872715FBB5001F25EB /* MessagesPresenter.swift in Sources */,
				DB09709625FD50B50052EC09 /* MapPresenter.swift in Sources */,
				DB0970AB260142590052EC09 /* CouchesView.swift in Sources */,
				DBBF0403270264B500110DEC /* ReservationService.swift in Sources */,
				DBBF03FA27025E1000110DEC /* ReservationPresenter.swift in Sources */,
				DBEB14BF25FAD7290046CB30 /* LoginRouter.swift in Sources */,
				DB19FB7C2715B600001F25EB /* ConversationListRow.swift in Sources */,
				DBA0B9DD260BE86700474B7C /* CouchServiceProtocol.swift in Sources */,
				DBEB14BC25FAD5B60046CB30 /* RegisterView.swift in Sources */,
				DBBF03D526FAFE7600110DEC /* MultiDatePicker.swift in Sources */,
				DBE36B0F264EFE1100755851 /* CouchDetailsPresenter.swift in Sources */,
				DBBF03E326FAFEE500110DEC /* MDPModel.swift in Sources */,
				DB19FB742715B06C001F25EB /* ConversationsRouter.swift in Sources */,
				DBEB14A225F952A90046CB30 /* LoginInteractor.swift in Sources */,
				DB43446527282AC900997D93 /* RatingService.swift in Sources */,
				DB43445D2728291000997D93 /* RatingServiceProtocol.swift in Sources */,
				DBBF03F627025E0200110DEC /* ReservationInteractor.swift in Sources */,
				DBA0B9C12601469F00474B7C /* NewCouchInteractor.swift in Sources */,
				DB434471272832D200997D93 /* RatingsPresenter.swift in Sources */,
				DB19FB9F2717361A001F25EB /* SceneDelegate.swift in Sources */,
				DBD60E1A27230F8200A13AC9 /* NotificationManagerProtocol.swift in Sources */,
				DBBF04122704D1C300110DEC /* ConversationServiceProtocol.swift in Sources */,
				DBBF03EC26FAFF2800110DEC /* MDPMonthYearPickerButton.swift in Sources */,
				DBA0B9C8260146EB00474B7C /* NewCouchView.swift in Sources */,
				DBBF040F2704B6B500110DEC /* Conversation.swift in Sources */,
				DBA0B9E5260BE93200474B7C /* DIContainer.swift in Sources */,
				DB09708C25FD4EBA0052EC09 /* HomeTabView.swift in Sources */,
				DBCBEA1F25FBECE600E74A8D /* Validation.swift in Sources */,
				DBEB14A925F98A630046CB30 /* LoginPresenter.swift in Sources */,
				DBBF03E026FAFED300110DEC /* MDPDayView.swift in Sources */,
			);
			runOnlyForDeploymentPostprocessing = 0;
		};
/* End PBXSourcesBuildPhase section */

/* Begin PBXTargetDependency section */
		DB5AA3B92713166E009F8E73 /* PBXTargetDependency */ = {
			isa = PBXTargetDependency;
			target = DB834E4725E5C1B200E94268 /* SwiftSurfing */;
			targetProxy = DB5AA3B82713166E009F8E73 /* PBXContainerItemProxy */;
		};
/* End PBXTargetDependency section */

/* Begin XCBuildConfiguration section */
		DB5AA3BA2713166E009F8E73 /* Debug */ = {
			isa = XCBuildConfiguration;
			buildSettings = {
				BUNDLE_LOADER = "$(TEST_HOST)";
				CODE_SIGN_STYLE = Automatic;
				HEADER_SEARCH_PATHS = "";
				INFOPLIST_FILE = SwiftSurfingTests/Info.plist;
				IPHONEOS_DEPLOYMENT_TARGET = 14.4;
				LD_RUNPATH_SEARCH_PATHS = (
					"$(inherited)",
					"@executable_path/Frameworks",
					"@loader_path/Frameworks",
				);
				PRODUCT_BUNDLE_IDENTIFIER = com.prpl0wl.SwiftSurfingTests;
				PRODUCT_NAME = "$(TARGET_NAME)";
				SWIFT_VERSION = 5.0;
				TARGETED_DEVICE_FAMILY = "1,2";
				TEST_HOST = "$(BUILT_PRODUCTS_DIR)/SwiftSurfing.app/SwiftSurfing";
			};
			name = Debug;
		};
		DB5AA3BB2713166E009F8E73 /* Release */ = {
			isa = XCBuildConfiguration;
			buildSettings = {
				BUNDLE_LOADER = "$(TEST_HOST)";
				CODE_SIGN_STYLE = Automatic;
				HEADER_SEARCH_PATHS = "";
				INFOPLIST_FILE = SwiftSurfingTests/Info.plist;
				IPHONEOS_DEPLOYMENT_TARGET = 14.4;
				LD_RUNPATH_SEARCH_PATHS = (
					"$(inherited)",
					"@executable_path/Frameworks",
					"@loader_path/Frameworks",
				);
				PRODUCT_BUNDLE_IDENTIFIER = com.prpl0wl.SwiftSurfingTests;
				PRODUCT_NAME = "$(TARGET_NAME)";
				SWIFT_VERSION = 5.0;
				TARGETED_DEVICE_FAMILY = "1,2";
				TEST_HOST = "$(BUILT_PRODUCTS_DIR)/SwiftSurfing.app/SwiftSurfing";
			};
			name = Release;
		};
		DB834E5525E5C1B300E94268 /* Debug */ = {
			isa = XCBuildConfiguration;
			buildSettings = {
				ALWAYS_SEARCH_USER_PATHS = NO;
				BUILD_LIBRARY_FOR_DISTRIBUTION = NO;
				CLANG_ANALYZER_NONNULL = YES;
				CLANG_ANALYZER_NUMBER_OBJECT_CONVERSION = YES_AGGRESSIVE;
				CLANG_CXX_LANGUAGE_STANDARD = "gnu++14";
				CLANG_CXX_LIBRARY = "libc++";
				CLANG_ENABLE_MODULES = YES;
				CLANG_ENABLE_OBJC_ARC = YES;
				CLANG_ENABLE_OBJC_WEAK = YES;
				CLANG_WARN_BLOCK_CAPTURE_AUTORELEASING = YES;
				CLANG_WARN_BOOL_CONVERSION = YES;
				CLANG_WARN_COMMA = YES;
				CLANG_WARN_CONSTANT_CONVERSION = YES;
				CLANG_WARN_DEPRECATED_OBJC_IMPLEMENTATIONS = YES;
				CLANG_WARN_DIRECT_OBJC_ISA_USAGE = YES_ERROR;
				CLANG_WARN_DOCUMENTATION_COMMENTS = YES;
				CLANG_WARN_EMPTY_BODY = YES;
				CLANG_WARN_ENUM_CONVERSION = YES;
				CLANG_WARN_INFINITE_RECURSION = YES;
				CLANG_WARN_INT_CONVERSION = YES;
				CLANG_WARN_NON_LITERAL_NULL_CONVERSION = YES;
				CLANG_WARN_OBJC_IMPLICIT_RETAIN_SELF = YES;
				CLANG_WARN_OBJC_LITERAL_CONVERSION = YES;
				CLANG_WARN_OBJC_ROOT_CLASS = YES_ERROR;
				CLANG_WARN_QUOTED_INCLUDE_IN_FRAMEWORK_HEADER = YES;
				CLANG_WARN_RANGE_LOOP_ANALYSIS = YES;
				CLANG_WARN_STRICT_PROTOTYPES = YES;
				CLANG_WARN_SUSPICIOUS_MOVE = YES;
				CLANG_WARN_UNGUARDED_AVAILABILITY = YES_AGGRESSIVE;
				CLANG_WARN_UNREACHABLE_CODE = YES;
				CLANG_WARN__DUPLICATE_METHOD_MATCH = YES;
				COPY_PHASE_STRIP = NO;
				DEBUG_INFORMATION_FORMAT = dwarf;
				ENABLE_STRICT_OBJC_MSGSEND = YES;
				ENABLE_TESTABILITY = YES;
				GCC_C_LANGUAGE_STANDARD = gnu11;
				GCC_DYNAMIC_NO_PIC = NO;
				GCC_NO_COMMON_BLOCKS = YES;
				GCC_OPTIMIZATION_LEVEL = 0;
				GCC_PREPROCESSOR_DEFINITIONS = (
					"DEBUG=1",
					"$(inherited)",
				);
				GCC_WARN_64_TO_32_BIT_CONVERSION = YES;
				GCC_WARN_ABOUT_RETURN_TYPE = YES_ERROR;
				GCC_WARN_UNDECLARED_SELECTOR = YES;
				GCC_WARN_UNINITIALIZED_AUTOS = YES_AGGRESSIVE;
				GCC_WARN_UNUSED_FUNCTION = YES;
				GCC_WARN_UNUSED_VARIABLE = YES;
				IPHONEOS_DEPLOYMENT_TARGET = 14.1;
				MTL_ENABLE_DEBUG_INFO = INCLUDE_SOURCE;
				MTL_FAST_MATH = YES;
				ONLY_ACTIVE_ARCH = YES;
				SDKROOT = iphoneos;
				SWIFT_ACTIVE_COMPILATION_CONDITIONS = DEBUG;
				SWIFT_OPTIMIZATION_LEVEL = "-Onone";
			};
			name = Debug;
		};
		DB834E5625E5C1B300E94268 /* Release */ = {
			isa = XCBuildConfiguration;
			buildSettings = {
				ALWAYS_SEARCH_USER_PATHS = NO;
				BUILD_LIBRARY_FOR_DISTRIBUTION = NO;
				CLANG_ANALYZER_NONNULL = YES;
				CLANG_ANALYZER_NUMBER_OBJECT_CONVERSION = YES_AGGRESSIVE;
				CLANG_CXX_LANGUAGE_STANDARD = "gnu++14";
				CLANG_CXX_LIBRARY = "libc++";
				CLANG_ENABLE_MODULES = YES;
				CLANG_ENABLE_OBJC_ARC = YES;
				CLANG_ENABLE_OBJC_WEAK = YES;
				CLANG_WARN_BLOCK_CAPTURE_AUTORELEASING = YES;
				CLANG_WARN_BOOL_CONVERSION = YES;
				CLANG_WARN_COMMA = YES;
				CLANG_WARN_CONSTANT_CONVERSION = YES;
				CLANG_WARN_DEPRECATED_OBJC_IMPLEMENTATIONS = YES;
				CLANG_WARN_DIRECT_OBJC_ISA_USAGE = YES_ERROR;
				CLANG_WARN_DOCUMENTATION_COMMENTS = YES;
				CLANG_WARN_EMPTY_BODY = YES;
				CLANG_WARN_ENUM_CONVERSION = YES;
				CLANG_WARN_INFINITE_RECURSION = YES;
				CLANG_WARN_INT_CONVERSION = YES;
				CLANG_WARN_NON_LITERAL_NULL_CONVERSION = YES;
				CLANG_WARN_OBJC_IMPLICIT_RETAIN_SELF = YES;
				CLANG_WARN_OBJC_LITERAL_CONVERSION = YES;
				CLANG_WARN_OBJC_ROOT_CLASS = YES_ERROR;
				CLANG_WARN_QUOTED_INCLUDE_IN_FRAMEWORK_HEADER = YES;
				CLANG_WARN_RANGE_LOOP_ANALYSIS = YES;
				CLANG_WARN_STRICT_PROTOTYPES = YES;
				CLANG_WARN_SUSPICIOUS_MOVE = YES;
				CLANG_WARN_UNGUARDED_AVAILABILITY = YES_AGGRESSIVE;
				CLANG_WARN_UNREACHABLE_CODE = YES;
				CLANG_WARN__DUPLICATE_METHOD_MATCH = YES;
				COPY_PHASE_STRIP = NO;
				DEBUG_INFORMATION_FORMAT = "dwarf-with-dsym";
				ENABLE_NS_ASSERTIONS = NO;
				ENABLE_STRICT_OBJC_MSGSEND = YES;
				GCC_C_LANGUAGE_STANDARD = gnu11;
				GCC_NO_COMMON_BLOCKS = YES;
				GCC_WARN_64_TO_32_BIT_CONVERSION = YES;
				GCC_WARN_ABOUT_RETURN_TYPE = YES_ERROR;
				GCC_WARN_UNDECLARED_SELECTOR = YES;
				GCC_WARN_UNINITIALIZED_AUTOS = YES_AGGRESSIVE;
				GCC_WARN_UNUSED_FUNCTION = YES;
				GCC_WARN_UNUSED_VARIABLE = YES;
				IPHONEOS_DEPLOYMENT_TARGET = 14.1;
				MTL_ENABLE_DEBUG_INFO = NO;
				MTL_FAST_MATH = YES;
				SDKROOT = iphoneos;
				SWIFT_COMPILATION_MODE = wholemodule;
				SWIFT_OPTIMIZATION_LEVEL = "-O";
				VALIDATE_PRODUCT = YES;
			};
			name = Release;
		};
		DB834E5825E5C1B300E94268 /* Debug */ = {
			isa = XCBuildConfiguration;
			baseConfigurationReference = 0A50F48236A6131EB4310193 /* Pods-SwiftSurfing.debug.xcconfig */;
			buildSettings = {
				ASSETCATALOG_COMPILER_APPICON_NAME = AppIcon;
				ASSETCATALOG_COMPILER_GLOBAL_ACCENT_COLOR_NAME = AccentColor;
				CODE_SIGN_STYLE = Automatic;
				DEVELOPMENT_ASSET_PATHS = "\"SwiftSurfing/Preview Content\"";
				DEVELOPMENT_TEAM = 5S22Y73HS6;
				ENABLE_PREVIEWS = YES;
				INFOPLIST_FILE = SwiftSurfing/Info.plist;
				IPHONEOS_DEPLOYMENT_TARGET = 14.0;
				LD_RUNPATH_SEARCH_PATHS = (
					"$(inherited)",
					"@executable_path/Frameworks",
				);
				PRODUCT_BUNDLE_IDENTIFIER = com.prpl0wl.SwiftSurfing;
				PRODUCT_NAME = "$(TARGET_NAME)";
				SWIFT_VERSION = 5.0;
				TARGETED_DEVICE_FAMILY = "1,2";
			};
			name = Debug;
		};
		DB834E5925E5C1B300E94268 /* Release */ = {
			isa = XCBuildConfiguration;
			baseConfigurationReference = D3685DD3D4951C7E45D06B29 /* Pods-SwiftSurfing.release.xcconfig */;
			buildSettings = {
				ASSETCATALOG_COMPILER_APPICON_NAME = AppIcon;
				ASSETCATALOG_COMPILER_GLOBAL_ACCENT_COLOR_NAME = AccentColor;
				CODE_SIGN_STYLE = Automatic;
				DEVELOPMENT_ASSET_PATHS = "\"SwiftSurfing/Preview Content\"";
				DEVELOPMENT_TEAM = 5S22Y73HS6;
				ENABLE_PREVIEWS = YES;
				INFOPLIST_FILE = SwiftSurfing/Info.plist;
				IPHONEOS_DEPLOYMENT_TARGET = 14.0;
				LD_RUNPATH_SEARCH_PATHS = (
					"$(inherited)",
					"@executable_path/Frameworks",
				);
				PRODUCT_BUNDLE_IDENTIFIER = com.prpl0wl.SwiftSurfing;
				PRODUCT_NAME = "$(TARGET_NAME)";
				SWIFT_VERSION = 5.0;
				TARGETED_DEVICE_FAMILY = "1,2";
			};
			name = Release;
		};
/* End XCBuildConfiguration section */

/* Begin XCConfigurationList section */
		DB5AA3BC2713166E009F8E73 /* Build configuration list for PBXNativeTarget "SwiftSurfingTests" */ = {
			isa = XCConfigurationList;
			buildConfigurations = (
				DB5AA3BA2713166E009F8E73 /* Debug */,
				DB5AA3BB2713166E009F8E73 /* Release */,
			);
			defaultConfigurationIsVisible = 0;
			defaultConfigurationName = Release;
		};
		DB834E4325E5C1B200E94268 /* Build configuration list for PBXProject "SwiftSurfing" */ = {
			isa = XCConfigurationList;
			buildConfigurations = (
				DB834E5525E5C1B300E94268 /* Debug */,
				DB834E5625E5C1B300E94268 /* Release */,
			);
			defaultConfigurationIsVisible = 0;
			defaultConfigurationName = Release;
		};
		DB834E5725E5C1B300E94268 /* Build configuration list for PBXNativeTarget "SwiftSurfing" */ = {
			isa = XCConfigurationList;
			buildConfigurations = (
				DB834E5825E5C1B300E94268 /* Debug */,
				DB834E5925E5C1B300E94268 /* Release */,
			);
			defaultConfigurationIsVisible = 0;
			defaultConfigurationName = Release;
		};
/* End XCConfigurationList section */
	};
	rootObject = DB834E4025E5C1B100E94268 /* Project object */;
}
